
Microsoft Visual Studio Solution File, Format Version 12.00
# Visual Studio Version 16
VisualStudioVersion = 16.0.29025.244
MinimumVisualStudioVersion = 10.0.40219.1
Project("{FAE04EC0-301F-11D3-BF4B-00C04F79EFBC}") = "AirlinesReservationSystem", "AirlinesReservationSystem\AirlinesReservationSystem.csproj", "{1AE78C64-957C-4475-B324-01BABE8E3B4E}"
EndProject
Global
	GlobalSection(SolutionConfigurationPlatforms) = preSolution
		Debug|Any CPU = Debug|Any CPU
		Release|Any CPU = Release|Any CPU
	EndGlobalSection
	GlobalSection(ProjectConfigurationPlatforms) = postSolution
		{1AE78C64-957C-4475-B324-01BABE8E3B4E}.Debug|Any CPU.ActiveCfg = Debug|Any CPU
		{1AE78C64-957C-4475-B324-01BABE8E3B4E}.Debug|Any CPU.Build.0 = Debug|Any CPU
		{1AE78C64-957C-4475-B324-01BABE8E3B4E}.Release|Any CPU.ActiveCfg = Release|Any CPU
		{1AE78C64-957C-4475-B324-01BABE8E3B4E}.Release|Any CPU.Build.0 = Release|Any CPU
	EndGlobalSection
	GlobalSection(SolutionProperties) = preSolution
		HideSolutionNode = FALSE
	EndGlobalSection
	GlobalSection(ExtensibilityGlobals) = postSolution
		SolutionGuid = {349353AA-ECD6-46CF-A30F-4311F7F35B7B}
	EndGlobalSection
EndGlobal
